
Microsoft Visual Studio Solution File, Format Version 12.00
# Visual Studio 15
VisualStudioVersion = 15.0.26730.8
MinimumVisualStudioVersion = 10.0.40219.1
Project("{FAE04EC0-301F-11D3-BF4B-00C04F79EFBC}") = "OnlineShoppingStore", "OnlineShoppingStore\OnlineShoppingStore.csproj", "{14897314-569C-496B-AC9B-2408BFDE0F95}"
EndProject
Project("{FAE04EC0-301F-11D3-BF4B-00C04F79EFBC}") = "OnlineShoppingStore.Tests", "OnlineShoppingStore.Tests\OnlineShoppingStore.Tests.csproj", "{1117585A-20E3-443D-9359-DAEF541F37E9}"
EndProject
Global
	GlobalSection(SolutionConfigurationPlatforms) = preSolution
		Debug|Any CPU = Debug|Any CPU
		Release|Any CPU = Release|Any CPU
	EndGlobalSection
	GlobalSection(ProjectConfigurationPlatforms) = postSolution
		{14897314-569C-496B-AC9B-2408BFDE0F95}.Debug|Any CPU.ActiveCfg = Debug|Any CPU
		{14897314-569C-496B-AC9B-2408BFDE0F95}.Debug|Any CPU.Build.0 = Debug|Any CPU
		{14897314-569C-496B-AC9B-2408BFDE0F95}.Release|Any CPU.ActiveCfg = Release|Any CPU
		{14897314-569C-496B-AC9B-2408BFDE0F95}.Release|Any CPU.Build.0 = Release|Any CPU
		{1117585A-20E3-443D-9359-DAEF541F37E9}.Debug|Any CPU.ActiveCfg = Debug|Any CPU
		{1117585A-20E3-443D-9359-DAEF541F37E9}.Debug|Any CPU.Build.0 = Debug|Any CPU
		{1117585A-20E3-443D-9359-DAEF541F37E9}.Release|Any CPU.ActiveCfg = Release|Any CPU
		{1117585A-20E3-443D-9359-DAEF541F37E9}.Release|Any CPU.Build.0 = Release|Any CPU
	EndGlobalSection
	GlobalSection(SolutionProperties) = preSolution
		HideSolutionNode = FALSE
	EndGlobalSection
	GlobalSection(ExtensibilityGlobals) = postSolution
		SolutionGuid = {0AC6824C-4F09-4998-886E-3CA57431B696}
	EndGlobalSection
EndGlobal
